
Microsoft Visual Studio Solution File, Format Version 12.00
# Visual Studio 15
VisualStudioVersion = 15.0.28307.136
MinimumVisualStudioVersion = 10.0.40219.1
Project("{FAE04EC0-301F-11D3-BF4B-00C04F79EFBC}") = "quanlycafe", "hoadon\quanlycafe.csproj", "{A5D6EAE2-58A6-42D0-B740-18D8360CEB67}"
EndProject
Global
	GlobalSection(SolutionConfigurationPlatforms) = preSolution
		Debug|Any CPU = Debug|Any CPU
		Release|Any CPU = Release|Any CPU
	EndGlobalSection
	GlobalSection(ProjectConfigurationPlatforms) = postSolution
		{A5D6EAE2-58A6-42D0-B740-18D8360CEB67}.Debug|Any CPU.ActiveCfg = Debug|Any CPU
		{A5D6EAE2-58A6-42D0-B740-18D8360CEB67}.Debug|Any CPU.Build.0 = Debug|Any CPU
		{A5D6EAE2-58A6-42D0-B740-18D8360CEB67}.Release|Any CPU.ActiveCfg = Release|Any CPU
		{A5D6EAE2-58A6-42D0-B740-18D8360CEB67}.Release|Any CPU.Build.0 = Release|Any CPU
	EndGlobalSection
	GlobalSection(SolutionProperties) = preSolution
		HideSolutionNode = FALSE
	EndGlobalSection
	GlobalSection(ExtensibilityGlobals) = postSolution
		SolutionGuid = {1482F14B-B827-4C70-9F78-C926FCC7BFCC}
	EndGlobalSection
EndGlobal
